
Microsoft Visual Studio Solution File, Format Version 12.00
# Visual Studio Version 17
VisualStudioVersion = 17.1.32228.430
MinimumVisualStudioVersion = 10.0.40219.1
Project("{9A19103F-16F7-4668-BE54-9A1E7A4F7556}") = "CRM_Sample", "CRM_Sample.csproj", "{55EF0A02-573C-40C5-B3D3-FE160492ED0F}"
EndProject
Global
	GlobalSection(SolutionConfigurationPlatforms) = preSolution
		Debug|Any CPU = Debug|Any CPU
		Release|Any CPU = Release|Any CPU
	EndGlobalSection
	GlobalSection(ProjectConfigurationPlatforms) = postSolution
		{55EF0A02-573C-40C5-B3D3-FE160492ED0F}.Debug|Any CPU.ActiveCfg = Debug|Any CPU
		{55EF0A02-573C-40C5-B3D3-FE160492ED0F}.Debug|Any CPU.Build.0 = Debug|Any CPU
		{55EF0A02-573C-40C5-B3D3-FE160492ED0F}.Release|Any CPU.ActiveCfg = Debug|Any CPU
		{55EF0A02-573C-40C5-B3D3-FE160492ED0F}.Release|Any CPU.Build.0 = Debug|Any CPU
	EndGlobalSection
	GlobalSection(SolutionProperties) = preSolution
		HideSolutionNode = FALSE
	EndGlobalSection
	GlobalSection(ExtensibilityGlobals) = postSolution
		SolutionGuid = {D368B570-3383-4E78-B7C4-AC1939FBF4FE}
	EndGlobalSection
EndGlobal
